
Microsoft Visual Studio Solution File, Format Version 12.00
# Visual Studio Version 17
VisualStudioVersion = 17.11.35222.181
MinimumVisualStudioVersion = 10.0.40219.1
Project("{9A19103F-16F7-4668-BE54-9A1E7A4F7556}") = "MyTestVueApp.Server", "MyTestVueApp.Server\MyTestVueApp.Server.csproj", "{F7639A92-47AF-4F28-9199-C737A52528F2}"
EndProject
Project("{54A90642-561A-4BB1-A94E-469ADEE60C69}") = "MyTestVueApp.Client", "mytestvueapp.client\mytestvueapp.client.esproj", "{FC01BB5F-BF2D-41CE-A652-D289D07591C1}"
EndProject
Project("{2150E333-8FDC-42A3-9474-1A3956D46DE8}") = "Solution Items", "Solution Items", "{1E85D9BE-1311-4CBB-B7AA-C5AAF6850E7D}"
	ProjectSection(SolutionItems) = preProject
		.gitignore = .gitignore
		README.md = README.md
	EndProjectSection
EndProject
Project("{2150E333-8FDC-42A3-9474-1A3956D46DE8}") = "Docker", "Docker", "{8DA0FA32-2E15-4A3D-BAD8-2922B1BB3764}"
	ProjectSection(SolutionItems) = preProject
		docker-compose.yml = docker-compose.yml
		entrypoint.sh = entrypoint.sh
		init.sql = init.sql
	EndProjectSection
EndProject
Global
	GlobalSection(SolutionConfigurationPlatforms) = preSolution
		Debug|Any CPU = Debug|Any CPU
		Release|Any CPU = Release|Any CPU
	EndGlobalSection
	GlobalSection(ProjectConfigurationPlatforms) = postSolution
		{F7639A92-47AF-4F28-9199-C737A52528F2}.Debug|Any CPU.ActiveCfg = Debug|Any CPU
		{F7639A92-47AF-4F28-9199-C737A52528F2}.Debug|Any CPU.Build.0 = Debug|Any CPU
		{F7639A92-47AF-4F28-9199-C737A52528F2}.Release|Any CPU.ActiveCfg = Release|Any CPU
		{F7639A92-47AF-4F28-9199-C737A52528F2}.Release|Any CPU.Build.0 = Release|Any CPU
		{FC01BB5F-BF2D-41CE-A652-D289D07591C1}.Debug|Any CPU.ActiveCfg = Debug|Any CPU
		{FC01BB5F-BF2D-41CE-A652-D289D07591C1}.Debug|Any CPU.Build.0 = Debug|Any CPU
		{FC01BB5F-BF2D-41CE-A652-D289D07591C1}.Debug|Any CPU.Deploy.0 = Debug|Any CPU
		{FC01BB5F-BF2D-41CE-A652-D289D07591C1}.Release|Any CPU.ActiveCfg = Release|Any CPU
		{FC01BB5F-BF2D-41CE-A652-D289D07591C1}.Release|Any CPU.Build.0 = Release|Any CPU
		{FC01BB5F-BF2D-41CE-A652-D289D07591C1}.Release|Any CPU.Deploy.0 = Release|Any CPU
	EndGlobalSection
	GlobalSection(SolutionProperties) = preSolution
		HideSolutionNode = FALSE
	EndGlobalSection
	GlobalSection(NestedProjects) = preSolution
		{8DA0FA32-2E15-4A3D-BAD8-2922B1BB3764} = {1E85D9BE-1311-4CBB-B7AA-C5AAF6850E7D}
	EndGlobalSection
	GlobalSection(ExtensibilityGlobals) = postSolution
		SolutionGuid = {29429549-A7C9-4E75-92D3-503705884558}
	EndGlobalSection
EndGlobal
